# This file is generated by running "yarn install" inside your project.
# Manual changes might be lost - proceed with caution!

__metadata:
  version: 6
  cacheKey: 8

"@types/lodash.isequal@npm:^4.5.6":
  version: 4.5.6
  resolution: "@types/lodash.isequal@npm:4.5.6"
  dependencies:
    "@types/lodash": "*"
  checksum: 0f065989408a9e0584e6c27495be2cd4602e62650f55266aa195812582444463c0c8570c674ae84f947c11748f49ab43fd5b482fa120e08eeee4c23b162edc38
  languageName: node
  linkType: hard

"@types/lodash@npm:*":
  version: 4.14.191
  resolution: "@types/lodash@npm:4.14.191"
  checksum: ba0d5434e10690869f32d5ea49095250157cae502f10d57de0a723fd72229ce6c6a4979576f0f13e0aa9fbe3ce2457bfb9fa7d4ec3d6daba56730a51906d1491
  languageName: node
  linkType: hard

"@types/node@npm:^18.11.15":
  version: 18.11.15
  resolution: "@types/node@npm:18.11.15"
  checksum: cae8692a5cee0316f93ee0342237eb921f70c51afb37c661c711a925a4642654ae7e404c5a80899d481c0cfaff3a6891ef04bacd330a2e72734192bfc91dc2d8
  languageName: node
  linkType: hard

"disci@workspace:.":
  version: 0.0.0-use.local
  resolution: "disci@workspace:."
  dependencies:
    "@types/lodash.isequal": ^4.5.6
    "@types/node": ^18.11.15
    discord-api-types: ^0.37.22
    lodash.isequal: ^4.5.0
    nanoid: 3.3.4
    tiny-typed-emitter: ^2.1.0
    tslib: ^2.4.1
    tweetnacl: ^1.0.3
    typescript: ^4.9.4
  languageName: unknown
  linkType: soft

"discord-api-types@npm:^0.37.22":
  version: 0.37.22
  resolution: "discord-api-types@npm:0.37.22"
  checksum: 67110d877d8ba4a3f9ea6805b7c733f353ddfcbf85cc5f860fe57b906f7b59e1deb49419b10d3f499cfb76ddff8bfa668afdc6956dd57a33915ee70fc428a447
  languageName: node
  linkType: hard

"lodash.isequal@npm:^4.5.0":
  version: 4.5.0
  resolution: "lodash.isequal@npm:4.5.0"
  checksum: da27515dc5230eb1140ba65ff8de3613649620e8656b19a6270afe4866b7bd461d9ba2ac8a48dcc57f7adac4ee80e1de9f965d89d4d81a0ad52bb3eec2609644
  languageName: node
  linkType: hard

"nanoid@npm:3.3.4":
  version: 3.3.4
  resolution: "nanoid@npm:3.3.4"
  bin:
    nanoid: bin/nanoid.cjs
  checksum: 2fddd6dee994b7676f008d3ffa4ab16035a754f4bb586c61df5a22cf8c8c94017aadd360368f47d653829e0569a92b129979152ff97af23a558331e47e37cd9c
  languageName: node
  linkType: hard

"tiny-typed-emitter@npm:^2.1.0":
  version: 2.1.0
  resolution: "tiny-typed-emitter@npm:2.1.0"
  checksum: 709bca410054e08df4dc29d5ea0916328bb2900d60245c6a743068ea223887d9fd2c945b6070eb20336275a557a36c2808e5c87d2ed4b60633458632be4a3e10
  languageName: node
  linkType: hard

"tslib@npm:^2.4.1":
  version: 2.4.1
  resolution: "tslib@npm:2.4.1"
  checksum: 19480d6e0313292bd6505d4efe096a6b31c70e21cf08b5febf4da62e95c265c8f571f7b36fcc3d1a17e068032f59c269fab3459d6cd3ed6949eafecf64315fca
  languageName: node
  linkType: hard

"tweetnacl@npm:^1.0.3":
  version: 1.0.3
  resolution: "tweetnacl@npm:1.0.3"
  checksum: e4a57cac188f0c53f24c7a33279e223618a2bfb5fea426231991652a13247bea06b081fd745d71291fcae0f4428d29beba1b984b1f1ce6f66b06a6d1ab90645c
  languageName: node
  linkType: hard

"typescript@npm:^4.9.4":
  version: 4.9.4
  resolution: "typescript@npm:4.9.4"
  bin:
    tsc: bin/tsc
    tsserver: bin/tsserver
  checksum: e782fb9e0031cb258a80000f6c13530288c6d63f1177ed43f770533fdc15740d271554cdae86701c1dd2c83b082cea808b07e97fd68b38a172a83dbf9e0d0ef9
  languageName: node
  linkType: hard

"typescript@patch:typescript@^4.9.4#~builtin<compat/typescript>":
  version: 4.9.4
  resolution: "typescript@patch:typescript@npm%3A4.9.4#~builtin<compat/typescript>::version=4.9.4&hash=d73830"
  bin:
    tsc: bin/tsc
    tsserver: bin/tsserver
  checksum: 37f6e2c3c5e2aa5934b85b0fddbf32eeac8b1bacf3a5b51d01946936d03f5377fe86255d4e5a4ae628fd0cd553386355ad362c57f13b4635064400f3e8e05b9d
  languageName: node
  linkType: hard
